
Microsoft Visual Studio Solution File, Format Version 12.00
# Visual Studio Version 17
VisualStudioVersion = 17.0.31903.59
MinimumVisualStudioVersion = 10.0.40219.1
Project("{2150E333-8FDC-42A3-9474-1A3956D46DE8}") = "src", "src", "{827E0CD3-B72D-47B6-A68D-7590B98EB39B}"
EndProject
Project("{FAE04EC0-301F-11D3-BF4B-00C04F79EFBC}") = "GlueInspect.Platform.Abstractions", "src\GlueInspect.Platform.Abstractions\GlueInspect.Platform.Abstractions.csproj", "{F9050D17-6C29-48CE-A20B-2857A9E95E2B}"
EndProject
Project("{FAE04EC0-301F-11D3-BF4B-00C04F79EFBC}") = "GlueInspect.Platform.Runtime", "src\GlueInspect.Platform.Runtime\GlueInspect.Platform.Runtime.csproj", "{9C574D84-FA95-425C-BDE3-A0BD0551F117}"
EndProject
Project("{FAE04EC0-301F-11D3-BF4B-00C04F79EFBC}") = "GlueInspect.Algorithm.Sample", "samples\GlueInspect.Algorithm.Sample\GlueInspect.Algorithm.Sample.csproj", "{B6ABC7D2-B6ED-4777-8020-04CE90E7ADE3}"
EndProject
Project("{FAE04EC0-301F-11D3-BF4B-00C04F79EFBC}") = "GlueInspect.Platform.SampleHost", "samples\GlueInspect.Platform.SampleHost\GlueInspect.Platform.SampleHost.csproj", "{C5215886-7B79-44F4-B65D-6C4C35971ABF}"
EndProject
Project("{2150E333-8FDC-42A3-9474-1A3956D46DE8}") = "plugins", "plugins", "{07D57EEB-2F50-60C4-C011-FE4FA775C9A8}"
EndProject
Project("{FAE04EC0-301F-11D3-BF4B-00C04F79EFBC}") = "GlueInspect.Algorithm.OpenCv", "plugins\GlueInspect.Algorithm.OpenCv\GlueInspect.Algorithm.OpenCv.csproj", "{F772BFC0-451F-434C-9BBC-DA4789006685}"
EndProject
Project("{FAE04EC0-301F-11D3-BF4B-00C04F79EFBC}") = "GlueInspect.Algorithm.Onnx", "plugins\GlueInspect.Algorithm.Onnx\GlueInspect.Algorithm.Onnx.csproj", "{9B785C1D-90F2-4EC2-91FD-00D0462EC19E}"
EndProject
Project("{FAE04EC0-301F-11D3-BF4B-00C04F79EFBC}") = "PlatformHost.Wpf", "PlatformHost.Wpf\PlatformHost.Wpf.csproj", "{C9F87A87-BE4C-4299-9BEF-68700E0624F3}"
EndProject
Global
	GlobalSection(SolutionConfigurationPlatforms) = preSolution
		Debug|Any CPU = Debug|Any CPU
		Debug|x64 = Debug|x64
		Debug|x86 = Debug|x86
		Release|Any CPU = Release|Any CPU
		Release|x64 = Release|x64
		Release|x86 = Release|x86
	EndGlobalSection
	GlobalSection(ProjectConfigurationPlatforms) = postSolution
		{F9050D17-6C29-48CE-A20B-2857A9E95E2B}.Debug|Any CPU.ActiveCfg = Debug|Any CPU
		{F9050D17-6C29-48CE-A20B-2857A9E95E2B}.Debug|Any CPU.Build.0 = Debug|Any CPU
		{F9050D17-6C29-48CE-A20B-2857A9E95E2B}.Debug|x64.ActiveCfg = Debug|Any CPU
		{F9050D17-6C29-48CE-A20B-2857A9E95E2B}.Debug|x64.Build.0 = Debug|Any CPU
		{F9050D17-6C29-48CE-A20B-2857A9E95E2B}.Debug|x86.ActiveCfg = Debug|Any CPU
		{F9050D17-6C29-48CE-A20B-2857A9E95E2B}.Debug|x86.Build.0 = Debug|Any CPU
		{F9050D17-6C29-48CE-A20B-2857A9E95E2B}.Release|Any CPU.ActiveCfg = Release|Any CPU
		{F9050D17-6C29-48CE-A20B-2857A9E95E2B}.Release|Any CPU.Build.0 = Release|Any CPU
		{F9050D17-6C29-48CE-A20B-2857A9E95E2B}.Release|x64.ActiveCfg = Release|Any CPU
		{F9050D17-6C29-48CE-A20B-2857A9E95E2B}.Release|x64.Build.0 = Release|Any CPU
		{F9050D17-6C29-48CE-A20B-2857A9E95E2B}.Release|x86.ActiveCfg = Release|Any CPU
		{F9050D17-6C29-48CE-A20B-2857A9E95E2B}.Release|x86.Build.0 = Release|Any CPU
		{9C574D84-FA95-425C-BDE3-A0BD0551F117}.Debug|Any CPU.ActiveCfg = Debug|Any CPU
		{9C574D84-FA95-425C-BDE3-A0BD0551F117}.Debug|Any CPU.Build.0 = Debug|Any CPU
		{9C574D84-FA95-425C-BDE3-A0BD0551F117}.Debug|x64.ActiveCfg = Debug|Any CPU
		{9C574D84-FA95-425C-BDE3-A0BD0551F117}.Debug|x64.Build.0 = Debug|Any CPU
		{9C574D84-FA95-425C-BDE3-A0BD0551F117}.Debug|x86.ActiveCfg = Debug|Any CPU
		{9C574D84-FA95-425C-BDE3-A0BD0551F117}.Debug|x86.Build.0 = Debug|Any CPU
		{9C574D84-FA95-425C-BDE3-A0BD0551F117}.Release|Any CPU.ActiveCfg = Release|Any CPU
		{9C574D84-FA95-425C-BDE3-A0BD0551F117}.Release|Any CPU.Build.0 = Release|Any CPU
		{9C574D84-FA95-425C-BDE3-A0BD0551F117}.Release|x64.ActiveCfg = Release|Any CPU
		{9C574D84-FA95-425C-BDE3-A0BD0551F117}.Release|x64.Build.0 = Release|Any CPU
		{9C574D84-FA95-425C-BDE3-A0BD0551F117}.Release|x86.ActiveCfg = Release|Any CPU
		{9C574D84-FA95-425C-BDE3-A0BD0551F117}.Release|x86.Build.0 = Release|Any CPU
		{B6ABC7D2-B6ED-4777-8020-04CE90E7ADE3}.Debug|Any CPU.ActiveCfg = Debug|Any CPU
		{B6ABC7D2-B6ED-4777-8020-04CE90E7ADE3}.Debug|Any CPU.Build.0 = Debug|Any CPU
		{B6ABC7D2-B6ED-4777-8020-04CE90E7ADE3}.Debug|x64.ActiveCfg = Debug|Any CPU
		{B6ABC7D2-B6ED-4777-8020-04CE90E7ADE3}.Debug|x64.Build.0 = Debug|Any CPU
		{B6ABC7D2-B6ED-4777-8020-04CE90E7ADE3}.Debug|x86.ActiveCfg = Debug|Any CPU
		{B6ABC7D2-B6ED-4777-8020-04CE90E7ADE3}.Debug|x86.Build.0 = Debug|Any CPU
		{B6ABC7D2-B6ED-4777-8020-04CE90E7ADE3}.Release|Any CPU.ActiveCfg = Release|Any CPU
		{B6ABC7D2-B6ED-4777-8020-04CE90E7ADE3}.Release|Any CPU.Build.0 = Release|Any CPU
		{B6ABC7D2-B6ED-4777-8020-04CE90E7ADE3}.Release|x64.ActiveCfg = Release|Any CPU
		{B6ABC7D2-B6ED-4777-8020-04CE90E7ADE3}.Release|x64.Build.0 = Release|Any CPU
		{B6ABC7D2-B6ED-4777-8020-04CE90E7ADE3}.Release|x86.ActiveCfg = Release|Any CPU
		{B6ABC7D2-B6ED-4777-8020-04CE90E7ADE3}.Release|x86.Build.0 = Release|Any CPU
		{C5215886-7B79-44F4-B65D-6C4C35971ABF}.Debug|Any CPU.ActiveCfg = Debug|Any CPU
		{C5215886-7B79-44F4-B65D-6C4C35971ABF}.Debug|Any CPU.Build.0 = Debug|Any CPU
		{C5215886-7B79-44F4-B65D-6C4C35971ABF}.Debug|x64.ActiveCfg = Debug|Any CPU
		{C5215886-7B79-44F4-B65D-6C4C35971ABF}.Debug|x64.Build.0 = Debug|Any CPU
		{C5215886-7B79-44F4-B65D-6C4C35971ABF}.Debug|x86.ActiveCfg = Debug|Any CPU
		{C5215886-7B79-44F4-B65D-6C4C35971ABF}.Debug|x86.Build.0 = Debug|Any CPU
		{C5215886-7B79-44F4-B65D-6C4C35971ABF}.Release|Any CPU.ActiveCfg = Release|Any CPU
		{C5215886-7B79-44F4-B65D-6C4C35971ABF}.Release|Any CPU.Build.0 = Release|Any CPU
		{C5215886-7B79-44F4-B65D-6C4C35971ABF}.Release|x64.ActiveCfg = Release|Any CPU
		{C5215886-7B79-44F4-B65D-6C4C35971ABF}.Release|x64.Build.0 = Release|Any CPU
		{C5215886-7B79-44F4-B65D-6C4C35971ABF}.Release|x86.ActiveCfg = Release|Any CPU
		{C5215886-7B79-44F4-B65D-6C4C35971ABF}.Release|x86.Build.0 = Release|Any CPU
		{F772BFC0-451F-434C-9BBC-DA4789006685}.Debug|Any CPU.ActiveCfg = Debug|Any CPU
		{F772BFC0-451F-434C-9BBC-DA4789006685}.Debug|Any CPU.Build.0 = Debug|Any CPU
		{F772BFC0-451F-434C-9BBC-DA4789006685}.Debug|x64.ActiveCfg = Debug|Any CPU
		{F772BFC0-451F-434C-9BBC-DA4789006685}.Debug|x64.Build.0 = Debug|Any CPU
		{F772BFC0-451F-434C-9BBC-DA4789006685}.Debug|x86.ActiveCfg = Debug|Any CPU
		{F772BFC0-451F-434C-9BBC-DA4789006685}.Debug|x86.Build.0 = Debug|Any CPU
		{F772BFC0-451F-434C-9BBC-DA4789006685}.Release|Any CPU.ActiveCfg = Release|Any CPU
		{F772BFC0-451F-434C-9BBC-DA4789006685}.Release|Any CPU.Build.0 = Release|Any CPU
		{F772BFC0-451F-434C-9BBC-DA4789006685}.Release|x64.ActiveCfg = Release|Any CPU
		{F772BFC0-451F-434C-9BBC-DA4789006685}.Release|x64.Build.0 = Release|Any CPU
		{F772BFC0-451F-434C-9BBC-DA4789006685}.Release|x86.ActiveCfg = Release|Any CPU
		{F772BFC0-451F-434C-9BBC-DA4789006685}.Release|x86.Build.0 = Release|Any CPU
		{9B785C1D-90F2-4EC2-91FD-00D0462EC19E}.Debug|Any CPU.ActiveCfg = Debug|Any CPU
		{9B785C1D-90F2-4EC2-91FD-00D0462EC19E}.Debug|Any CPU.Build.0 = Debug|Any CPU
		{9B785C1D-90F2-4EC2-91FD-00D0462EC19E}.Debug|x64.ActiveCfg = Debug|Any CPU
		{9B785C1D-90F2-4EC2-91FD-00D0462EC19E}.Debug|x64.Build.0 = Debug|Any CPU
		{9B785C1D-90F2-4EC2-91FD-00D0462EC19E}.Debug|x86.ActiveCfg = Debug|Any CPU
		{9B785C1D-90F2-4EC2-91FD-00D0462EC19E}.Debug|x86.Build.0 = Debug|Any CPU
		{9B785C1D-90F2-4EC2-91FD-00D0462EC19E}.Release|Any CPU.ActiveCfg = Release|Any CPU
		{9B785C1D-90F2-4EC2-91FD-00D0462EC19E}.Release|Any CPU.Build.0 = Release|Any CPU
		{9B785C1D-90F2-4EC2-91FD-00D0462EC19E}.Release|x64.ActiveCfg = Release|Any CPU
		{9B785C1D-90F2-4EC2-91FD-00D0462EC19E}.Release|x64.Build.0 = Release|Any CPU
		{9B785C1D-90F2-4EC2-91FD-00D0462EC19E}.Release|x86.ActiveCfg = Release|Any CPU
		{9B785C1D-90F2-4EC2-91FD-00D0462EC19E}.Release|x86.Build.0 = Release|Any CPU
		{C9F87A87-BE4C-4299-9BEF-68700E0624F3}.Debug|Any CPU.ActiveCfg = Debug|Any CPU
		{C9F87A87-BE4C-4299-9BEF-68700E0624F3}.Debug|Any CPU.Build.0 = Debug|Any CPU
		{C9F87A87-BE4C-4299-9BEF-68700E0624F3}.Debug|x64.ActiveCfg = Debug|Any CPU
		{C9F87A87-BE4C-4299-9BEF-68700E0624F3}.Debug|x64.Build.0 = Debug|Any CPU
		{C9F87A87-BE4C-4299-9BEF-68700E0624F3}.Debug|x86.ActiveCfg = Debug|Any CPU
		{C9F87A87-BE4C-4299-9BEF-68700E0624F3}.Debug|x86.Build.0 = Debug|Any CPU
		{C9F87A87-BE4C-4299-9BEF-68700E0624F3}.Release|Any CPU.ActiveCfg = Release|Any CPU
		{C9F87A87-BE4C-4299-9BEF-68700E0624F3}.Release|Any CPU.Build.0 = Release|Any CPU
		{C9F87A87-BE4C-4299-9BEF-68700E0624F3}.Release|x64.ActiveCfg = Release|Any CPU
		{C9F87A87-BE4C-4299-9BEF-68700E0624F3}.Release|x64.Build.0 = Release|Any CPU
		{C9F87A87-BE4C-4299-9BEF-68700E0624F3}.Release|x86.ActiveCfg = Release|Any CPU
		{C9F87A87-BE4C-4299-9BEF-68700E0624F3}.Release|x86.Build.0 = Release|Any CPU
	EndGlobalSection
	GlobalSection(SolutionProperties) = preSolution
		HideSolutionNode = FALSE
	EndGlobalSection
	GlobalSection(NestedProjects) = preSolution
		{F9050D17-6C29-48CE-A20B-2857A9E95E2B} = {827E0CD3-B72D-47B6-A68D-7590B98EB39B}
		{9C574D84-FA95-425C-BDE3-A0BD0551F117} = {827E0CD3-B72D-47B6-A68D-7590B98EB39B}
		{B6ABC7D2-B6ED-4777-8020-04CE90E7ADE3} = {827E0CD3-B72D-47B6-A68D-7590B98EB39B}
		{C5215886-7B79-44F4-B65D-6C4C35971ABF} = {827E0CD3-B72D-47B6-A68D-7590B98EB39B}
		{F772BFC0-451F-434C-9BBC-DA4789006685} = {07D57EEB-2F50-60C4-C011-FE4FA775C9A8}
		{9B785C1D-90F2-4EC2-91FD-00D0462EC19E} = {07D57EEB-2F50-60C4-C011-FE4FA775C9A8}
	EndGlobalSection
EndGlobal
